<Solution>
  <Configurations>
    <BuildType Name="Il2Cpp" />
    <BuildType Name="Mono" />
  </Configurations>
  <Folder Name="/Solution Items/">
    <File Path="local.alternate.props" />
    <File Path="local.build.props" />
    <File Path="local.empty.props" />
    <File Path="README.md" />
    <File Path="Todo.txt" />
  </Folder>
  <Project Path="AdvancedDealing/AdvancedDealing.csproj" />
</Solution>
